
Microsoft Visual Studio Solution File, Format Version 11.00
# Visual Studio 2010
Project("{8BC9CEB8-8B4A-11D0-8D11-00A0C91BC942}") = "cell", "cell\cell.vcxproj", "{6B3B0FC9-C98F-40E0-AB86-6F2C4AA94E65}"
EndProject
Global
	GlobalSection(SolutionConfigurationPlatforms) = preSolution
		Debug|Win32 = Debug|Win32
		Release|Win32 = Release|Win32
	EndGlobalSection
	GlobalSection(ProjectConfigurationPlatforms) = postSolution
		{6B3B0FC9-C98F-40E0-AB86-6F2C4AA94E65}.Debug|Win32.ActiveCfg = Debug|Win32
		{6B3B0FC9-C98F-40E0-AB86-6F2C4AA94E65}.Debug|Win32.Build.0 = Debug|Win32
		{6B3B0FC9-C98F-40E0-AB86-6F2C4AA94E65}.Release|Win32.ActiveCfg = Release|Win32
		{6B3B0FC9-C98F-40E0-AB86-6F2C4AA94E65}.Release|Win32.Build.0 = Release|Win32
	EndGlobalSection
	GlobalSection(SolutionProperties) = preSolution
		HideSolutionNode = FALSE
	EndGlobalSection
EndGlobal
